
Microsoft Visual Studio Solution File, Format Version 12.00
# Visual Studio Version 17
VisualStudioVersion = 17.14.36121.58 d17.14
MinimumVisualStudioVersion = 10.0.40219.1
Project("{FAE04EC0-301F-11D3-BF4B-00C04F79EFBC}") = "PhoneAPI", "PhoneAPI\PhoneAPI.csproj", "{778D17C3-DF67-43FE-B034-53D5FF1428F5}"
EndProject
Global
	GlobalSection(SolutionConfigurationPlatforms) = preSolution
		Debug|Any CPU = Debug|Any CPU
		Release|Any CPU = Release|Any CPU
	EndGlobalSection
	GlobalSection(ProjectConfigurationPlatforms) = postSolution
		{778D17C3-DF67-43FE-B034-53D5FF1428F5}.Debug|Any CPU.ActiveCfg = Debug|Any CPU
		{778D17C3-DF67-43FE-B034-53D5FF1428F5}.Debug|Any CPU.Build.0 = Debug|Any CPU
		{778D17C3-DF67-43FE-B034-53D5FF1428F5}.Release|Any CPU.ActiveCfg = Release|Any CPU
		{778D17C3-DF67-43FE-B034-53D5FF1428F5}.Release|Any CPU.Build.0 = Release|Any CPU
	EndGlobalSection
	GlobalSection(SolutionProperties) = preSolution
		HideSolutionNode = FALSE
	EndGlobalSection
	GlobalSection(ExtensibilityGlobals) = postSolution
		SolutionGuid = {16B8B382-5023-41AC-AC5E-8D287B5A4A20}
	EndGlobalSection
EndGlobal
